
Microsoft Visual Studio Solution File, Format Version 12.00
# Visual Studio 15
VisualStudioVersion = 15.0.27130.2024
MinimumVisualStudioVersion = 10.0.40219.1
Project("{9A19103F-16F7-4668-BE54-9A1E7A4F7556}") = "Gateway", "Gateway\Gateway.csproj", "{D26B346B-DD30-4BDF-96CD-8B4C1F91012F}"
EndProject
Project("{9A19103F-16F7-4668-BE54-9A1E7A4F7556}") = "QueueHandler", "QueueHandler\QueueHandler.csproj", "{E60BBDF2-8A0D-4F6D-B7D0-9215181354C9}"
EndProject
Project("{9A19103F-16F7-4668-BE54-9A1E7A4F7556}") = "Cards.Client", "Cards.Client\Cards.Client.csproj", "{3227CD55-98AA-40C2-BDF6-B510AE006C56}"
EndProject
Project("{9A19103F-16F7-4668-BE54-9A1E7A4F7556}") = "Cards.Service", "Cards.Service\Cards.Service.csproj", "{2DA1C052-8651-4450-9BE0-6769D4DC9984}"
EndProject
Project("{FAE04EC0-301F-11D3-BF4B-00C04F79EFBC}") = "LocalData.Client", "LocalData.Client\LocalData.Client.csproj", "{066631D5-DE2A-4239-8278-2C8FD0E09117}"
EndProject
Project("{FAE04EC0-301F-11D3-BF4B-00C04F79EFBC}") = "LocalData.Service", "LocalData.Service\LocalData.Service.csproj", "{52C3BF47-C0F9-4C7A-9E18-71EF266D3EF3}"
EndProject
Global
	GlobalSection(SolutionConfigurationPlatforms) = preSolution
		Debug|Any CPU = Debug|Any CPU
		multiple|Any CPU = multiple|Any CPU
		Release|Any CPU = Release|Any CPU
	EndGlobalSection
	GlobalSection(ProjectConfigurationPlatforms) = postSolution
		{D26B346B-DD30-4BDF-96CD-8B4C1F91012F}.Debug|Any CPU.ActiveCfg = Debug|Any CPU
		{D26B346B-DD30-4BDF-96CD-8B4C1F91012F}.Debug|Any CPU.Build.0 = Debug|Any CPU
		{D26B346B-DD30-4BDF-96CD-8B4C1F91012F}.multiple|Any CPU.ActiveCfg = Release|Any CPU
		{D26B346B-DD30-4BDF-96CD-8B4C1F91012F}.multiple|Any CPU.Build.0 = Release|Any CPU
		{D26B346B-DD30-4BDF-96CD-8B4C1F91012F}.Release|Any CPU.ActiveCfg = Release|Any CPU
		{D26B346B-DD30-4BDF-96CD-8B4C1F91012F}.Release|Any CPU.Build.0 = Release|Any CPU
		{E60BBDF2-8A0D-4F6D-B7D0-9215181354C9}.Debug|Any CPU.ActiveCfg = Debug|Any CPU
		{E60BBDF2-8A0D-4F6D-B7D0-9215181354C9}.Debug|Any CPU.Build.0 = Debug|Any CPU
		{E60BBDF2-8A0D-4F6D-B7D0-9215181354C9}.multiple|Any CPU.ActiveCfg = Release|Any CPU
		{E60BBDF2-8A0D-4F6D-B7D0-9215181354C9}.multiple|Any CPU.Build.0 = Release|Any CPU
		{E60BBDF2-8A0D-4F6D-B7D0-9215181354C9}.Release|Any CPU.ActiveCfg = Release|Any CPU
		{E60BBDF2-8A0D-4F6D-B7D0-9215181354C9}.Release|Any CPU.Build.0 = Release|Any CPU
		{3227CD55-98AA-40C2-BDF6-B510AE006C56}.Debug|Any CPU.ActiveCfg = Debug|Any CPU
		{3227CD55-98AA-40C2-BDF6-B510AE006C56}.Debug|Any CPU.Build.0 = Debug|Any CPU
		{3227CD55-98AA-40C2-BDF6-B510AE006C56}.multiple|Any CPU.ActiveCfg = Debug|Any CPU
		{3227CD55-98AA-40C2-BDF6-B510AE006C56}.multiple|Any CPU.Build.0 = Debug|Any CPU
		{3227CD55-98AA-40C2-BDF6-B510AE006C56}.Release|Any CPU.ActiveCfg = Release|Any CPU
		{3227CD55-98AA-40C2-BDF6-B510AE006C56}.Release|Any CPU.Build.0 = Release|Any CPU
		{2DA1C052-8651-4450-9BE0-6769D4DC9984}.Debug|Any CPU.ActiveCfg = Debug|Any CPU
		{2DA1C052-8651-4450-9BE0-6769D4DC9984}.Debug|Any CPU.Build.0 = Debug|Any CPU
		{2DA1C052-8651-4450-9BE0-6769D4DC9984}.multiple|Any CPU.ActiveCfg = Debug|Any CPU
		{2DA1C052-8651-4450-9BE0-6769D4DC9984}.multiple|Any CPU.Build.0 = Debug|Any CPU
		{2DA1C052-8651-4450-9BE0-6769D4DC9984}.Release|Any CPU.ActiveCfg = Release|Any CPU
		{2DA1C052-8651-4450-9BE0-6769D4DC9984}.Release|Any CPU.Build.0 = Release|Any CPU
		{066631D5-DE2A-4239-8278-2C8FD0E09117}.Debug|Any CPU.ActiveCfg = Debug|Any CPU
		{066631D5-DE2A-4239-8278-2C8FD0E09117}.Debug|Any CPU.Build.0 = Debug|Any CPU
		{066631D5-DE2A-4239-8278-2C8FD0E09117}.multiple|Any CPU.ActiveCfg = Debug|Any CPU
		{066631D5-DE2A-4239-8278-2C8FD0E09117}.multiple|Any CPU.Build.0 = Debug|Any CPU
		{066631D5-DE2A-4239-8278-2C8FD0E09117}.Release|Any CPU.ActiveCfg = Release|Any CPU
		{066631D5-DE2A-4239-8278-2C8FD0E09117}.Release|Any CPU.Build.0 = Release|Any CPU
		{52C3BF47-C0F9-4C7A-9E18-71EF266D3EF3}.Debug|Any CPU.ActiveCfg = Debug|Any CPU
		{52C3BF47-C0F9-4C7A-9E18-71EF266D3EF3}.Debug|Any CPU.Build.0 = Debug|Any CPU
		{52C3BF47-C0F9-4C7A-9E18-71EF266D3EF3}.multiple|Any CPU.ActiveCfg = Debug|Any CPU
		{52C3BF47-C0F9-4C7A-9E18-71EF266D3EF3}.multiple|Any CPU.Build.0 = Debug|Any CPU
		{52C3BF47-C0F9-4C7A-9E18-71EF266D3EF3}.Release|Any CPU.ActiveCfg = Release|Any CPU
		{52C3BF47-C0F9-4C7A-9E18-71EF266D3EF3}.Release|Any CPU.Build.0 = Release|Any CPU
	EndGlobalSection
	GlobalSection(SolutionProperties) = preSolution
		HideSolutionNode = FALSE
	EndGlobalSection
	GlobalSection(ExtensibilityGlobals) = postSolution
		SolutionGuid = {9DA9CE44-2820-4098-9421-301524BE3AB8}
	EndGlobalSection
EndGlobal
